
Microsoft Visual Studio Solution File, Format Version 12.00
# Visual Studio Version 16
VisualStudioVersion = 16.0.31729.503
MinimumVisualStudioVersion = 10.0.40219.1
Project("{FAE04EC0-301F-11D3-BF4B-00C04F79EFBC}") = "Sync Livepass", "Sync Livepass.csproj", "{C30527EC-BF65-4D89-AE47-1D55704FA33A}"
EndProject
Global
	GlobalSection(SolutionConfigurationPlatforms) = preSolution
		Debug|Any CPU = Debug|Any CPU
		Release|Any CPU = Release|Any CPU
	EndGlobalSection
	GlobalSection(ProjectConfigurationPlatforms) = postSolution
		{C30527EC-BF65-4D89-AE47-1D55704FA33A}.Debug|Any CPU.ActiveCfg = Debug|Any CPU
		{C30527EC-BF65-4D89-AE47-1D55704FA33A}.Debug|Any CPU.Build.0 = Debug|Any CPU
		{C30527EC-BF65-4D89-AE47-1D55704FA33A}.Release|Any CPU.ActiveCfg = Release|Any CPU
		{C30527EC-BF65-4D89-AE47-1D55704FA33A}.Release|Any CPU.Build.0 = Release|Any CPU
	EndGlobalSection
	GlobalSection(SolutionProperties) = preSolution
		HideSolutionNode = FALSE
	EndGlobalSection
	GlobalSection(ExtensibilityGlobals) = postSolution
		SolutionGuid = {E008C03F-9FDA-40C2-BCB0-B8DAC752CFF1}
	EndGlobalSection
EndGlobal
